<?xml version="1.0" encoding="utf-8"?>
<Project ToolsVersion="4.0" xmlns="http://schemas.microsoft.com/developer/msbuild/2003">
  <ItemGroup>
    <Filter Include="Source Files">
      <UniqueIdentifier>{1d44742d-2b2c-40f9-8ac9-f97a5003cd59}</UniqueIdentifier>
    </Filter>
    <Filter Include="Generated Files">
      <UniqueIdentifier>{26cd6377-c0e6-4e7d-87d2-3cb25e58794c}</UniqueIdentifier>
      <SourceControlFiles>False</SourceControlFiles>
    </Filter>
  </ItemGroup>
  <ItemGroup>
    <None Include="linkom_atlps.def" />
  </ItemGroup>
  <ItemGroup>
    <ClCompile Include="linkom_atl_i.c">
      <Filter>Generated Files</Filter>
    </ClCompile>
    <ClCompile Include="linkom_atl_p.c">
      <Filter>Generated Files</Filter>
    </ClCompile>
    <ClCompile Include="dlldata.c">
      <Filter>Generated Files</Filter>
    </ClCompile>
  </ItemGroup>
</Project>